
Microsoft Visual Studio Solution File, Format Version 12.00
# Visual Studio Version 17
VisualStudioVersion = 17.7.34024.191
MinimumVisualStudioVersion = 10.0.40219.1
Project("{FAE04EC0-301F-11D3-BF4B-00C04F79EFBC}") = "Underdogs_bhaptics", "Underdogs_bhaptics.csproj", "{92877743-B78F-4EE7-8079-36CCFC8402E4}"
EndProject
Global
	GlobalSection(SolutionConfigurationPlatforms) = preSolution
		Debug|Any CPU = Debug|Any CPU
		Release|Any CPU = Release|Any CPU
	EndGlobalSection
	GlobalSection(ProjectConfigurationPlatforms) = postSolution
		{92877743-B78F-4EE7-8079-36CCFC8402E4}.Debug|Any CPU.ActiveCfg = Debug|Any CPU
		{92877743-B78F-4EE7-8079-36CCFC8402E4}.Debug|Any CPU.Build.0 = Debug|Any CPU
		{92877743-B78F-4EE7-8079-36CCFC8402E4}.Release|Any CPU.ActiveCfg = Release|Any CPU
		{92877743-B78F-4EE7-8079-36CCFC8402E4}.Release|Any CPU.Build.0 = Release|Any CPU
	EndGlobalSection
	GlobalSection(SolutionProperties) = preSolution
		HideSolutionNode = FALSE
	EndGlobalSection
	GlobalSection(ExtensibilityGlobals) = postSolution
		SolutionGuid = {763A54CD-77D0-4449-8062-8FD40EBB7762}
	EndGlobalSection
EndGlobal
